
Microsoft Visual Studio Solution File, Format Version 12.00
# Visual Studio Version 16
VisualStudioVersion = 16.0.31205.134
MinimumVisualStudioVersion = 10.0.40219.1
Project("{FAE04EC0-301F-11D3-BF4B-00C04F79EFBC}") = "lab5", "lab5\lab5.csproj", "{23E7C34E-F90F-4DD8-AD3F-D0192AC80F32}"
EndProject
Global
	GlobalSection(SolutionConfigurationPlatforms) = preSolution
		Debug|Any CPU = Debug|Any CPU
		Release|Any CPU = Release|Any CPU
	EndGlobalSection
	GlobalSection(ProjectConfigurationPlatforms) = postSolution
		{23E7C34E-F90F-4DD8-AD3F-D0192AC80F32}.Debug|Any CPU.ActiveCfg = Debug|Any CPU
		{23E7C34E-F90F-4DD8-AD3F-D0192AC80F32}.Debug|Any CPU.Build.0 = Debug|Any CPU
		{23E7C34E-F90F-4DD8-AD3F-D0192AC80F32}.Release|Any CPU.ActiveCfg = Release|Any CPU
		{23E7C34E-F90F-4DD8-AD3F-D0192AC80F32}.Release|Any CPU.Build.0 = Release|Any CPU
	EndGlobalSection
	GlobalSection(SolutionProperties) = preSolution
		HideSolutionNode = FALSE
	EndGlobalSection
	GlobalSection(ExtensibilityGlobals) = postSolution
		SolutionGuid = {9FFF7446-E266-43DF-A119-1B4A3CDAFAFB}
	EndGlobalSection
EndGlobal
